
Microsoft Visual Studio Solution File, Format Version 12.00
# Visual Studio Version 16
VisualStudioVersion = 16.0.30320.27
MinimumVisualStudioVersion = 10.0.40219.1
Project("{FAE04EC0-301F-11D3-BF4B-00C04F79EFBC}") = "ConsoleApp1", "ConsoleApp1\ConsoleApp1.csproj", "{C857D6A9-9D4A-4CC0-BEC8-8A2C987D4AEB}"
EndProject
Global
	GlobalSection(SolutionConfigurationPlatforms) = preSolution
		Debug|Any CPU = Debug|Any CPU
		Release|Any CPU = Release|Any CPU
	EndGlobalSection
	GlobalSection(ProjectConfigurationPlatforms) = postSolution
		{C857D6A9-9D4A-4CC0-BEC8-8A2C987D4AEB}.Debug|Any CPU.ActiveCfg = Debug|Any CPU
		{C857D6A9-9D4A-4CC0-BEC8-8A2C987D4AEB}.Debug|Any CPU.Build.0 = Debug|Any CPU
		{C857D6A9-9D4A-4CC0-BEC8-8A2C987D4AEB}.Release|Any CPU.ActiveCfg = Release|Any CPU
		{C857D6A9-9D4A-4CC0-BEC8-8A2C987D4AEB}.Release|Any CPU.Build.0 = Release|Any CPU
	EndGlobalSection
	GlobalSection(SolutionProperties) = preSolution
		HideSolutionNode = FALSE
	EndGlobalSection
	GlobalSection(ExtensibilityGlobals) = postSolution
		SolutionGuid = {0BC73B35-5773-4305-B540-1A2BFD019778}
	EndGlobalSection
EndGlobal
